
Microsoft Visual Studio Solution File, Format Version 12.00
# Visual Studio Version 16
VisualStudioVersion = 16.0.31005.135
MinimumVisualStudioVersion = 10.0.40219.1
Project("{FAE04EC0-301F-11D3-BF4B-00C04F79EFBC}") = "PMQLnhom08", "PMQLnhom08\PMQLnhom08.csproj", "{D718E2F4-6270-4578-AB72-E9B8C741E0E2}"
EndProject
Global
	GlobalSection(SolutionConfigurationPlatforms) = preSolution
		Debug|Any CPU = Debug|Any CPU
		Release|Any CPU = Release|Any CPU
	EndGlobalSection
	GlobalSection(ProjectConfigurationPlatforms) = postSolution
		{D718E2F4-6270-4578-AB72-E9B8C741E0E2}.Debug|Any CPU.ActiveCfg = Debug|Any CPU
		{D718E2F4-6270-4578-AB72-E9B8C741E0E2}.Debug|Any CPU.Build.0 = Debug|Any CPU
		{D718E2F4-6270-4578-AB72-E9B8C741E0E2}.Release|Any CPU.ActiveCfg = Release|Any CPU
		{D718E2F4-6270-4578-AB72-E9B8C741E0E2}.Release|Any CPU.Build.0 = Release|Any CPU
	EndGlobalSection
	GlobalSection(SolutionProperties) = preSolution
		HideSolutionNode = FALSE
	EndGlobalSection
	GlobalSection(ExtensibilityGlobals) = postSolution
		SolutionGuid = {FAE660E5-B442-4C29-98D1-000F7EF5EFD2}
	EndGlobalSection
EndGlobal
